
Microsoft Visual Studio Solution File, Format Version 12.00
# Visual Studio Version 17
VisualStudioVersion = 17.4.33122.133
MinimumVisualStudioVersion = 10.0.40219.1
Project("{9A19103F-16F7-4668-BE54-9A1E7A4F7556}") = "Klinika.Intranet", "Klinika.Intranet\Klinika.Intranet.csproj", "{2A9ECF16-6D9D-40BD-A8F3-C197C1A59F06}"
EndProject
Project("{9A19103F-16F7-4668-BE54-9A1E7A4F7556}") = "Klinika.Data", "Klinika.Data\Klinika.Data.csproj", "{974F3C84-7DDD-44BC-9284-165B47E477DB}"
EndProject
Project("{9A19103F-16F7-4668-BE54-9A1E7A4F7556}") = "Klinika.PortalWWW", "Klinika.PortalWWW\Klinika.PortalWWW.csproj", "{880729C8-1145-4A65-8E3E-2D85A13F392A}"
EndProject
Global
	GlobalSection(SolutionConfigurationPlatforms) = preSolution
		Debug|Any CPU = Debug|Any CPU
		Release|Any CPU = Release|Any CPU
	EndGlobalSection
	GlobalSection(ProjectConfigurationPlatforms) = postSolution
		{2A9ECF16-6D9D-40BD-A8F3-C197C1A59F06}.Debug|Any CPU.ActiveCfg = Debug|Any CPU
		{2A9ECF16-6D9D-40BD-A8F3-C197C1A59F06}.Debug|Any CPU.Build.0 = Debug|Any CPU
		{2A9ECF16-6D9D-40BD-A8F3-C197C1A59F06}.Release|Any CPU.ActiveCfg = Release|Any CPU
		{2A9ECF16-6D9D-40BD-A8F3-C197C1A59F06}.Release|Any CPU.Build.0 = Release|Any CPU
		{974F3C84-7DDD-44BC-9284-165B47E477DB}.Debug|Any CPU.ActiveCfg = Debug|Any CPU
		{974F3C84-7DDD-44BC-9284-165B47E477DB}.Debug|Any CPU.Build.0 = Debug|Any CPU
		{974F3C84-7DDD-44BC-9284-165B47E477DB}.Release|Any CPU.ActiveCfg = Release|Any CPU
		{974F3C84-7DDD-44BC-9284-165B47E477DB}.Release|Any CPU.Build.0 = Release|Any CPU
		{880729C8-1145-4A65-8E3E-2D85A13F392A}.Debug|Any CPU.ActiveCfg = Debug|Any CPU
		{880729C8-1145-4A65-8E3E-2D85A13F392A}.Debug|Any CPU.Build.0 = Debug|Any CPU
		{880729C8-1145-4A65-8E3E-2D85A13F392A}.Release|Any CPU.ActiveCfg = Release|Any CPU
		{880729C8-1145-4A65-8E3E-2D85A13F392A}.Release|Any CPU.Build.0 = Release|Any CPU
	EndGlobalSection
	GlobalSection(SolutionProperties) = preSolution
		HideSolutionNode = FALSE
	EndGlobalSection
	GlobalSection(ExtensibilityGlobals) = postSolution
		SolutionGuid = {DE76945A-E68E-43DC-9835-FAB2DC745EC1}
	EndGlobalSection
EndGlobal
